Microsoft Visual Studio Solution File, Format Version 12.00
# Visual Studio 15
VisualStudioVersion = 15.0.26124.0
MinimumVisualStudioVersion = 15.0.26124.0
Project("{2150E333-8FDC-42A3-9474-1A3956D46DE8}") = "src", "src", "{38142180-0eb6-43ef-88d7-fbf6d77cfc7d}"
EndProject
Project("{FAE04EC0-301F-11D3-BF4B-00C04F79EFBC}") = "RealCoreApp", "src\RealCoreApp\RealCoreApp.csproj", "{72be7b86-8096-4970-9eda-90868b4ee3f2}"
EndProject
Project("{FAE04EC0-301F-11D3-BF4B-00C04F79EFBC}") = "RealCoreApp.Tests", "src\RealCoreApp.Tests\RealCoreApp.Tests.csproj", "{4aa92b07-4584-4dad-ab7a-c547fa842fbf}"
EndProject
Global
	GlobalSection(SolutionConfigurationPlatforms) = preSolution
		Debug|Any CPU = Debug|Any CPU
		Debug|x64 = Debug|x64
		Debug|x86 = Debug|x86
		Release|Any CPU = Release|Any CPU
		Release|x64 = Release|x64
		Release|x86 = Release|x86
	EndGlobalSection
	GlobalSection(ProjectConfigurationPlatforms) = postSolution
		{72be7b86-8096-4970-9eda-90868b4ee3f2}.Debug|Any CPU.ActiveCfg = Debug|Any CPU
		{72be7b86-8096-4970-9eda-90868b4ee3f2}.Debug|Any CPU.Build.0 = Debug|Any CPU
		{72be7b86-8096-4970-9eda-90868b4ee3f2}.Debug|x64.ActiveCfg = Debug|Any CPU
		{72be7b86-8096-4970-9eda-90868b4ee3f2}.Debug|x64.Build.0 = Debug|Any CPU
		{72be7b86-8096-4970-9eda-90868b4ee3f2}.Debug|x86.ActiveCfg = Debug|Any CPU
		{72be7b86-8096-4970-9eda-90868b4ee3f2}.Debug|x86.Build.0 = Debug|Any CPU
		{72be7b86-8096-4970-9eda-90868b4ee3f2}.Release|Any CPU.ActiveCfg = Release|Any CPU
		{72be7b86-8096-4970-9eda-90868b4ee3f2}.Release|Any CPU.Build.0 = Release|Any CPU
		{72be7b86-8096-4970-9eda-90868b4ee3f2}.Release|x64.ActiveCfg = Release|Any CPU
		{72be7b86-8096-4970-9eda-90868b4ee3f2}.Release|x64.Build.0 = Release|Any CPU
		{72be7b86-8096-4970-9eda-90868b4ee3f2}.Release|x86.ActiveCfg = Release|Any CPU
		{72be7b86-8096-4970-9eda-90868b4ee3f2}.Release|x86.Build.0 = Release|Any CPU
		{4aa92b07-4584-4dad-ab7a-c547fa842fbf}.Debug|Any CPU.ActiveCfg = Debug|Any CPU
		{4aa92b07-4584-4dad-ab7a-c547fa842fbf}.Debug|Any CPU.Build.0 = Debug|Any CPU
		{4aa92b07-4584-4dad-ab7a-c547fa842fbf}.Debug|x64.ActiveCfg = Debug|Any CPU
		{4aa92b07-4584-4dad-ab7a-c547fa842fbf}.Debug|x64.Build.0 = Debug|Any CPU
		{4aa92b07-4584-4dad-ab7a-c547fa842fbf}.Debug|x86.ActiveCfg = Debug|Any CPU
		{4aa92b07-4584-4dad-ab7a-c547fa842fbf}.Debug|x86.Build.0 = Debug|Any CPU
		{4aa92b07-4584-4dad-ab7a-c547fa842fbf}.Release|Any CPU.ActiveCfg = Release|Any CPU
		{4aa92b07-4584-4dad-ab7a-c547fa842fbf}.Release|Any CPU.Build.0 = Release|Any CPU
		{4aa92b07-4584-4dad-ab7a-c547fa842fbf}.Release|x64.ActiveCfg = Release|Any CPU
		{4aa92b07-4584-4dad-ab7a-c547fa842fbf}.Release|x64.Build.0 = Release|Any CPU
		{4aa92b07-4584-4dad-ab7a-c547fa842fbf}.Release|x86.ActiveCfg = Release|Any CPU
		{4aa92b07-4584-4dad-ab7a-c547fa842fbf}.Release|x86.Build.0 = Release|Any CPU
	EndGlobalSection
	GlobalSection(SolutionProperties) = preSolution
		HideSolutionNode = FALSE
	EndGlobalSection
	GlobalSection(NestedProjects) = preSolution
		{72be7b86-8096-4970-9eda-90868b4ee3f2} = {38142180-0eb6-43ef-88d7-fbf6d77cfc7d}
		{4aa92b07-4584-4dad-ab7a-c547fa842fbf} = {38142180-0eb6-43ef-88d7-fbf6d77cfc7d}
	EndGlobalSection
EndGlobal
